
Microsoft Visual Studio Solution File, Format Version 12.00
# Visual Studio Version 17
VisualStudioVersion = 17.5.33414.496
MinimumVisualStudioVersion = 10.0.40219.1
Project("{FAE04EC0-301F-11D3-BF4B-00C04F79EFBC}") = "WebApplication1", "WebApplication1\WebApplication1.csproj", "{BFD03DB5-A182-44AF-8687-3FAD1F4CF01F}"
EndProject
Global
	GlobalSection(SolutionConfigurationPlatforms) = preSolution
		Debug|Any CPU = Debug|Any CPU
		Release|Any CPU = Release|Any CPU
	EndGlobalSection
	GlobalSection(ProjectConfigurationPlatforms) = postSolution
		{BFD03DB5-A182-44AF-8687-3FAD1F4CF01F}.Debug|Any CPU.ActiveCfg = Debug|Any CPU
		{BFD03DB5-A182-44AF-8687-3FAD1F4CF01F}.Debug|Any CPU.Build.0 = Debug|Any CPU
		{BFD03DB5-A182-44AF-8687-3FAD1F4CF01F}.Release|Any CPU.ActiveCfg = Release|Any CPU
		{BFD03DB5-A182-44AF-8687-3FAD1F4CF01F}.Release|Any CPU.Build.0 = Release|Any CPU
	EndGlobalSection
	GlobalSection(SolutionProperties) = preSolution
		HideSolutionNode = FALSE
	EndGlobalSection
	GlobalSection(ExtensibilityGlobals) = postSolution
		SolutionGuid = {2971658B-316C-4B5C-B562-CB56884EBFD0}
	EndGlobalSection
EndGlobal
